
Microsoft Visual Studio Solution File, Format Version 12.00
# Visual Studio Version 16
VisualStudioVersion = 16.0.28917.182
MinimumVisualStudioVersion = 10.0.40219.1
Project("{FAE04EC0-301F-11D3-BF4B-00C04F79EFBC}") = "Console_Struct-VS-Class", "Console_Struct-VS-Class\Console_Struct-VS-Class.csproj", "{F654D3CD-2C42-4A87-87E7-E325778B6807}"
EndProject
Global
	GlobalSection(SolutionConfigurationPlatforms) = preSolution
		Debug|Any CPU = Debug|Any CPU
		Release|Any CPU = Release|Any CPU
	EndGlobalSection
	GlobalSection(ProjectConfigurationPlatforms) = postSolution
		{F654D3CD-2C42-4A87-87E7-E325778B6807}.Debug|Any CPU.ActiveCfg = Debug|Any CPU
		{F654D3CD-2C42-4A87-87E7-E325778B6807}.Debug|Any CPU.Build.0 = Debug|Any CPU
		{F654D3CD-2C42-4A87-87E7-E325778B6807}.Release|Any CPU.ActiveCfg = Release|Any CPU
		{F654D3CD-2C42-4A87-87E7-E325778B6807}.Release|Any CPU.Build.0 = Release|Any CPU
	EndGlobalSection
	GlobalSection(SolutionProperties) = preSolution
		HideSolutionNode = FALSE
	EndGlobalSection
	GlobalSection(ExtensibilityGlobals) = postSolution
		SolutionGuid = {BFFCC3C0-B557-40F9-8718-8E0F70AB5276}
	EndGlobalSection
EndGlobal
